
Microsoft Visual Studio Solution File, Format Version 12.00
# Visual Studio Version 17
VisualStudioVersion = 17.5.33209.295
MinimumVisualStudioVersion = 10.0.40219.1
Project("{9A19103F-16F7-4668-BE54-9A1E7A4F7556}") = "MovieRecommend.API", "MovieRecommend.API\MovieRecommend.API.csproj", "{2F21D93C-88CF-4F5A-8E71-A461F7C6FADC}"
EndProject
Project("{54A90642-561A-4BB1-A94E-469ADEE60C69}") = "MovieRecommend.Web", "MovieRecommend.Web\MovieRecommend.Web.esproj", "{009D324C-000E-4096-9FF2-817DD9131F25}"
EndProject
Global
	GlobalSection(SolutionConfigurationPlatforms) = preSolution
		Debug|Any CPU = Debug|Any CPU
		Release|Any CPU = Release|Any CPU
	EndGlobalSection
	GlobalSection(ProjectConfigurationPlatforms) = postSolution
		{2F21D93C-88CF-4F5A-8E71-A461F7C6FADC}.Debug|Any CPU.ActiveCfg = Debug|Any CPU
		{2F21D93C-88CF-4F5A-8E71-A461F7C6FADC}.Debug|Any CPU.Build.0 = Debug|Any CPU
		{2F21D93C-88CF-4F5A-8E71-A461F7C6FADC}.Release|Any CPU.ActiveCfg = Release|Any CPU
		{2F21D93C-88CF-4F5A-8E71-A461F7C6FADC}.Release|Any CPU.Build.0 = Release|Any CPU
		{009D324C-000E-4096-9FF2-817DD9131F25}.Debug|Any CPU.ActiveCfg = Debug|Any CPU
		{009D324C-000E-4096-9FF2-817DD9131F25}.Debug|Any CPU.Build.0 = Debug|Any CPU
		{009D324C-000E-4096-9FF2-817DD9131F25}.Debug|Any CPU.Deploy.0 = Debug|Any CPU
		{009D324C-000E-4096-9FF2-817DD9131F25}.Release|Any CPU.ActiveCfg = Release|Any CPU
		{009D324C-000E-4096-9FF2-817DD9131F25}.Release|Any CPU.Build.0 = Release|Any CPU
		{009D324C-000E-4096-9FF2-817DD9131F25}.Release|Any CPU.Deploy.0 = Release|Any CPU
	EndGlobalSection
	GlobalSection(SolutionProperties) = preSolution
		HideSolutionNode = FALSE
	EndGlobalSection
	GlobalSection(ExtensibilityGlobals) = postSolution
		SolutionGuid = {CB05DB35-5D69-48C7-84CF-4E7424D7210C}
	EndGlobalSection
EndGlobal
